{
  "standard": "GOST 2.104",
  "form": "Form 1 main title block",
  "unit": "mm",
  "origin": "top-left",
  "coordinate_origin": "top-left of title block",
  "source": "Copied from a1-engineering-flowchart/optimized_architecture_flowchart.drawio frame/title-block proportions",
  "overall": {
    "width": 187.004,
    "height": 56.124,
    "expected_width_sum": 187.004
  },
  "page": {
    "format": "A1",
    "orientation": "landscape",
    "width_mm": 841,
    "height_mm": 594,
    "unit": "mm",
    "coordinate_origin": "top-left"
  },
  "drawing_frame": {
    "x": 20,
    "y": 5,
    "width": 816,
    "height": 584,
    "right": 836,
    "bottom": 589,
    "line_width_mm": 1.0
  },
  "title_block": {
    "x": 648.996,
    "y": 532.876,
    "width": 187.004,
    "height": 56.124,
    "right": 836,
    "bottom": 589,
    "tolerance_mm": 0.2
  },
  "vertical_grid_x": [
    0,
    8.037,
    18.741,
    40.658,
    55.948,
    66.397,
    135.971,
    151.262,
    168.082,
    187.004
  ],
  "horizontal_grid_y": [
    0,
    5.48,
    10.412,
    15.491,
    20.316,
    25.649,
    30.729,
    35.808,
    40.633,
    45.938,
    51.017,
    56.124
  ],
  "line_widths": {
    "outer_border_mm": 1.0,
    "major_line_mm": 1.0,
    "minor_line_mm": 0.5,
    "major_mm": 1.0,
    "minor_mm": 0.5,
    "tolerance_mm": 0.03
  },
  "text": {
    "min_height_mm": 2.5,
    "small_height_mm": 2.5,
    "min_font_height_mm": 2.5,
    "allowed_angles_deg": [
      0
    ],
    "min_text_to_line_clearance_mm": 0.4
  },
  "required_text": [
    "BSTU.241297.005 Э3",
    "Microcontroller-based I/O Device",
    "Wang Gen",
    "Разумейчик B.C.",
    "Page",
    "Pages 1",
    "Department of Computer and System"
  ],
  "allow_cyrillic_only": [
    "Э3",
    "Разумейчик B.C."
  ],
  "fields": {
    "document_code": "BSTU.241297.005 Э3",
    "product_name": "Microcontroller-based I/O Device",
    "document_name": "",
    "organization": "Department of Computer and System",
    "letter": "",
    "format": "",
    "sheet": "Page",
    "sheets": "Pages 1",
    "scale": "",
    "mass": "",
    "name": "Wang Gen",
    "date": ""
  },
  "lines": [
    {
      "id": "h.left.005",
      "x1": 0.0,
      "y1": 5.48,
      "x2": 66.397,
      "y2": 5.48,
      "line_type": "minor"
    },
    {
      "id": "h.left.010",
      "x1": 0.0,
      "y1": 10.412,
      "x2": 66.397,
      "y2": 10.412,
      "line_type": "minor"
    },
    {
      "id": "h.015",
      "x1": 0.0,
      "y1": 15.491,
      "x2": 187.004,
      "y2": 15.491,
      "line_type": "major"
    },
    {
      "id": "h.sig.020",
      "x1": 18.741,
      "y1": 20.316,
      "x2": 66.397,
      "y2": 20.316,
      "line_type": "major"
    },
    {
      "id": "h.right.020",
      "x1": 135.971,
      "y1": 20.316,
      "x2": 187.004,
      "y2": 20.316,
      "line_type": "major"
    },
    {
      "id": "h.sig.025",
      "x1": 0.0,
      "y1": 25.649,
      "x2": 66.397,
      "y2": 25.649,
      "line_type": "major"
    },
    {
      "id": "h.sig.030",
      "x1": 0.0,
      "y1": 30.729,
      "x2": 66.397,
      "y2": 30.729,
      "line_type": "minor"
    },
    {
      "id": "h.sig.035",
      "x1": 0.0,
      "y1": 35.808,
      "x2": 66.397,
      "y2": 35.808,
      "line_type": "minor"
    },
    {
      "id": "h.right.035",
      "x1": 135.971,
      "y1": 35.808,
      "x2": 187.004,
      "y2": 35.808,
      "line_type": "major"
    },
    {
      "id": "h.040",
      "x1": 0.0,
      "y1": 40.633,
      "x2": 187.004,
      "y2": 40.633,
      "line_type": "major"
    },
    {
      "id": "h.sig.045",
      "x1": 0.0,
      "y1": 45.938,
      "x2": 66.397,
      "y2": 45.938,
      "line_type": "minor"
    },
    {
      "id": "h.sig.050",
      "x1": 0.0,
      "y1": 51.017,
      "x2": 66.397,
      "y2": 51.017,
      "line_type": "minor"
    },
    {
      "id": "v.008",
      "x1": 8.037,
      "y1": 0.0,
      "x2": 8.037,
      "y2": 25.649,
      "line_type": "major"
    },
    {
      "id": "v.018",
      "x1": 18.741,
      "y1": 0.0,
      "x2": 18.741,
      "y2": 56.124,
      "line_type": "major"
    },
    {
      "id": "v.040",
      "x1": 40.658,
      "y1": 0.0,
      "x2": 40.658,
      "y2": 56.124,
      "line_type": "major"
    },
    {
      "id": "v.055",
      "x1": 55.948,
      "y1": 0.0,
      "x2": 55.948,
      "y2": 56.124,
      "line_type": "major"
    },
    {
      "id": "v.065",
      "x1": 66.397,
      "y1": 0.0,
      "x2": 66.397,
      "y2": 56.124,
      "line_type": "major"
    },
    {
      "id": "v.134",
      "x1": 135.971,
      "y1": 15.491,
      "x2": 135.971,
      "y2": 56.124,
      "line_type": "major"
    },
    {
      "id": "v.149",
      "x1": 151.262,
      "y1": 15.491,
      "x2": 151.262,
      "y2": 35.808,
      "line_type": "major"
    },
    {
      "id": "v.166",
      "x1": 168.082,
      "y1": 15.491,
      "x2": 168.082,
      "y2": 35.808,
      "line_type": "major"
    },
    {
      "id": "v.right.sheet",
      "x1": 155.089,
      "y1": 35.808,
      "x2": 155.089,
      "y2": 40.633,
      "line_type": "major"
    }
  ],
  "cells": [
    {
      "id": "rev_top",
      "x": 0.0,
      "y": 0.0,
      "width": 8.037,
      "height": 15.491,
      "line_type": "major",
      "role": "title_block_cell",
      "field_name": "Rev.",
      "expected_text": "",
      "font_height_mm": 2.5,
      "horizontal_align": "center",
      "vertical_align": "middle"
    },
    {
      "id": "sheet_top",
      "x": 8.037,
      "y": 0.0,
      "width": 10.704,
      "height": 15.491,
      "line_type": "major",
      "role": "title_block_cell",
      "field_name": "Sheet",
      "expected_text": "",
      "font_height_mm": 2.5,
      "horizontal_align": "center",
      "vertical_align": "middle"
    },
    {
      "id": "name_top",
      "x": 18.741,
      "y": 0.0,
      "width": 21.917,
      "height": 20.316,
      "line_type": "major",
      "role": "title_block_cell",
      "field_name": "Name",
      "expected_text": "",
      "font_height_mm": 2.5,
      "horizontal_align": "center",
      "vertical_align": "middle"
    },
    {
      "id": "sign_top",
      "x": 40.658,
      "y": 0.0,
      "width": 15.29,
      "height": 20.316,
      "line_type": "major",
      "role": "title_block_cell",
      "field_name": "Sign",
      "expected_text": "",
      "font_height_mm": 2.5,
      "horizontal_align": "center",
      "vertical_align": "middle"
    },
    {
      "id": "date_top",
      "x": 55.948,
      "y": 0.0,
      "width": 10.449,
      "height": 20.316,
      "line_type": "major",
      "role": "title_block_cell",
      "field_name": "Date",
      "expected_text": "",
      "font_height_mm": 2.5,
      "horizontal_align": "center",
      "vertical_align": "middle"
    },
    {
      "id": "document_code",
      "x": 66.397,
      "y": 0.0,
      "width": 120.607,
      "height": 15.491,
      "line_type": "major",
      "role": "title_block_cell",
      "field_name": "Document code",
      "expected_text": "BSTU.241297.005 Э3",
      "font_height_mm": 7.1,
      "horizontal_align": "center",
      "vertical_align": "middle"
    },
    {
      "id": "name_header",
      "x": 18.741,
      "y": 20.316,
      "width": 21.917,
      "height": 5.333,
      "line_type": "major",
      "role": "title_block_cell",
      "field_name": "Name",
      "expected_text": "Name",
      "font_height_mm": 2.5,
      "horizontal_align": "center",
      "vertical_align": "middle"
    },
    {
      "id": "sign_header",
      "x": 40.658,
      "y": 20.316,
      "width": 15.29,
      "height": 5.333,
      "line_type": "major",
      "role": "title_block_cell",
      "field_name": "Sign",
      "expected_text": "Sign",
      "font_height_mm": 2.5,
      "horizontal_align": "center",
      "vertical_align": "middle"
    },
    {
      "id": "date_header",
      "x": 55.948,
      "y": 20.316,
      "width": 10.449,
      "height": 5.333,
      "line_type": "major",
      "role": "title_block_cell",
      "field_name": "Date",
      "expected_text": "Date",
      "font_height_mm": 2.5,
      "horizontal_align": "center",
      "vertical_align": "middle"
    },
    {
      "id": "executed_label",
      "x": 0.0,
      "y": 25.649,
      "width": 18.741,
      "height": 5.08,
      "line_type": "major",
      "role": "title_block_cell",
      "field_name": "Executed",
      "expected_text": "Executed",
      "font_height_mm": 2.5,
      "horizontal_align": "center",
      "vertical_align": "middle"
    },
    {
      "id": "executed_name",
      "x": 18.741,
      "y": 25.649,
      "width": 21.917,
      "height": 5.08,
      "line_type": "major",
      "role": "title_block_cell",
      "field_name": "Name",
      "expected_text": "Wang Gen",
      "font_height_mm": 2.5,
      "horizontal_align": "center",
      "vertical_align": "middle"
    },
    {
      "id": "executed_sign",
      "x": 40.658,
      "y": 25.649,
      "width": 15.29,
      "height": 5.08,
      "line_type": "major",
      "role": "title_block_cell",
      "field_name": "Sign",
      "expected_text": "",
      "font_height_mm": 2.5,
      "horizontal_align": "center",
      "vertical_align": "middle"
    },
    {
      "id": "executed_date",
      "x": 55.948,
      "y": 25.649,
      "width": 10.449,
      "height": 5.08,
      "line_type": "major",
      "role": "title_block_cell",
      "field_name": "Date",
      "expected_text": "",
      "font_height_mm": 2.5,
      "horizontal_align": "center",
      "vertical_align": "middle"
    },
    {
      "id": "checked_label",
      "x": 0.0,
      "y": 30.729,
      "width": 18.741,
      "height": 5.079,
      "line_type": "minor",
      "role": "title_block_cell",
      "field_name": "Checked",
      "expected_text": "Checked",
      "font_height_mm": 2.5,
      "horizontal_align": "center",
      "vertical_align": "middle"
    },
    {
      "id": "checked_name",
      "x": 18.741,
      "y": 30.729,
      "width": 21.917,
      "height": 5.079,
      "line_type": "minor",
      "role": "title_block_cell",
      "field_name": "Name",
      "expected_text": "Разумейчик B.C.",
      "font_height_mm": 2.5,
      "horizontal_align": "center",
      "vertical_align": "middle"
    },
    {
      "id": "checked_sign",
      "x": 40.658,
      "y": 30.729,
      "width": 15.29,
      "height": 5.079,
      "line_type": "minor",
      "role": "title_block_cell",
      "field_name": "Sign",
      "expected_text": "",
      "font_height_mm": 2.5,
      "horizontal_align": "center",
      "vertical_align": "middle"
    },
    {
      "id": "checked_date",
      "x": 55.948,
      "y": 30.729,
      "width": 10.449,
      "height": 5.079,
      "line_type": "minor",
      "role": "title_block_cell",
      "field_name": "Date",
      "expected_text": "",
      "font_height_mm": 2.5,
      "horizontal_align": "center",
      "vertical_align": "middle"
    },
    {
      "id": "approved_label",
      "x": 0.0,
      "y": 35.808,
      "width": 18.741,
      "height": 4.825,
      "line_type": "minor",
      "role": "title_block_cell",
      "field_name": "Approved",
      "expected_text": "Approved",
      "font_height_mm": 2.5,
      "horizontal_align": "center",
      "vertical_align": "middle"
    },
    {
      "id": "product_document",
      "x": 66.397,
      "y": 15.491,
      "width": 69.574,
      "height": 25.142,
      "line_type": "major",
      "role": "title_block_cell",
      "field_name": "Product and document name",
      "expected_text": "Microcontroller-based I/O Device",
      "font_height_mm": 4.6,
      "horizontal_align": "center",
      "vertical_align": "middle"
    },
    {
      "id": "letter",
      "x": 135.971,
      "y": 15.491,
      "width": 15.291,
      "height": 20.317,
      "line_type": "major",
      "role": "title_block_cell",
      "field_name": "Letter",
      "expected_text": "",
      "font_height_mm": 2.5,
      "horizontal_align": "center",
      "vertical_align": "middle"
    },
    {
      "id": "mass",
      "x": 151.262,
      "y": 15.491,
      "width": 16.82,
      "height": 20.317,
      "line_type": "major",
      "role": "title_block_cell",
      "field_name": "Mass",
      "expected_text": "",
      "font_height_mm": 2.5,
      "horizontal_align": "center",
      "vertical_align": "middle"
    },
    {
      "id": "scale",
      "x": 168.082,
      "y": 15.491,
      "width": 18.922,
      "height": 20.317,
      "line_type": "major",
      "role": "title_block_cell",
      "field_name": "Scale",
      "expected_text": "",
      "font_height_mm": 2.5,
      "horizontal_align": "center",
      "vertical_align": "middle"
    },
    {
      "id": "sheet",
      "x": 135.971,
      "y": 35.808,
      "width": 19.118,
      "height": 4.825,
      "line_type": "major",
      "role": "title_block_cell",
      "field_name": "Sheet",
      "expected_text": "Page",
      "font_height_mm": 2.5,
      "horizontal_align": "center",
      "vertical_align": "middle"
    },
    {
      "id": "sheets",
      "x": 155.089,
      "y": 35.808,
      "width": 31.915,
      "height": 4.825,
      "line_type": "major",
      "role": "title_block_cell",
      "field_name": "Sheets",
      "expected_text": "Pages 1",
      "font_height_mm": 2.5,
      "horizontal_align": "center",
      "vertical_align": "middle"
    },
    {
      "id": "document_name",
      "x": 66.397,
      "y": 40.633,
      "width": 69.574,
      "height": 15.491,
      "line_type": "major",
      "role": "title_block_cell",
      "field_name": "Document name",
      "expected_text": "",
      "font_height_mm": 3.6,
      "horizontal_align": "center",
      "vertical_align": "middle"
    },
    {
      "id": "organization",
      "x": 135.971,
      "y": 40.633,
      "width": 51.033,
      "height": 15.491,
      "line_type": "major",
      "role": "title_block_cell",
      "field_name": "Organization",
      "expected_text": "Department of Computer and System",
      "font_height_mm": 3.6,
      "horizontal_align": "center",
      "vertical_align": "middle"
    }
  ]
}
